Microsoft Visual Studio Solution File, Format Version 12.00
# Visual Studio Version 17
VisualStudioVersion = 17.0.31903.59
MinimumVisualStudioVersion = 10.0.40219.1
Project("{FAE04EC0-301F-11D3-BF4B-00C04F79EFBC}") = "Case.Net", "Case.Net\Case.Net.csproj", "{3FC4C644-4FBA-4681-9D58-17987BBCA5F7}"
EndProject
Project("{FAE04EC0-301F-11D3-BF4B-00C04F79EFBC}") = "Case.Net.Cli", "Case.Net.Cli\Case.Net.Cli.csproj", "{DD787EE7-90DA-491C-9A30-60DB8A200F23}"
EndProject
Project("{FAE04EC0-301F-11D3-BF4B-00C04F79EFBC}") = "Case.Net.System.Text.Json", "Case.Net.System.Text.Json\Case.Net.System.Text.Json.csproj", "{7ADA4E26-9F70-4341-8920-87F66608BA90}"
EndProject
Project("{FAE04EC0-301F-11D3-BF4B-00C04F79EFBC}") = "Case.Net.Newtonsoft.Json", "Case.Net.Newtonsoft.Json\Case.Net.Newtonsoft.Json.csproj", "{092D68E7-8D9F-4095-924C-8F36DB32738E}"
EndProject
Project("{FAE04EC0-301F-11D3-BF4B-00C04F79EFBC}") = "Case.Net.Test", "Case.Net.Test\Case.Net.Test.csproj", "{A36F84C6-82DA-4994-92A1-432EE3F1DF8A}"
EndProject
Global
	GlobalSection(SolutionConfigurationPlatforms) = preSolution
		Debug|Any CPU = Debug|Any CPU
		Release|Any CPU = Release|Any CPU
	EndGlobalSection
	GlobalSection(SolutionProperties) = preSolution
		HideSolutionNode = FALSE
	EndGlobalSection
	GlobalSection(ProjectConfigurationPlatforms) = postSolution
		{3FC4C644-4FBA-4681-9D58-17987BBCA5F7}.Debug|Any CPU.ActiveCfg = Debug|Any CPU
		{3FC4C644-4FBA-4681-9D58-17987BBCA5F7}.Debug|Any CPU.Build.0 = Debug|Any CPU
		{3FC4C644-4FBA-4681-9D58-17987BBCA5F7}.Release|Any CPU.ActiveCfg = Release|Any CPU
		{3FC4C644-4FBA-4681-9D58-17987BBCA5F7}.Release|Any CPU.Build.0 = Release|Any CPU
		{DD787EE7-90DA-491C-9A30-60DB8A200F23}.Debug|Any CPU.ActiveCfg = Debug|Any CPU
		{DD787EE7-90DA-491C-9A30-60DB8A200F23}.Debug|Any CPU.Build.0 = Debug|Any CPU
		{DD787EE7-90DA-491C-9A30-60DB8A200F23}.Release|Any CPU.ActiveCfg = Release|Any CPU
		{DD787EE7-90DA-491C-9A30-60DB8A200F23}.Release|Any CPU.Build.0 = Release|Any CPU
		{7ADA4E26-9F70-4341-8920-87F66608BA90}.Debug|Any CPU.ActiveCfg = Debug|Any CPU
		{7ADA4E26-9F70-4341-8920-87F66608BA90}.Debug|Any CPU.Build.0 = Debug|Any CPU
		{7ADA4E26-9F70-4341-8920-87F66608BA90}.Release|Any CPU.ActiveCfg = Release|Any CPU
		{7ADA4E26-9F70-4341-8920-87F66608BA90}.Release|Any CPU.Build.0 = Release|Any CPU
		{092D68E7-8D9F-4095-924C-8F36DB32738E}.Debug|Any CPU.ActiveCfg = Debug|Any CPU
		{092D68E7-8D9F-4095-924C-8F36DB32738E}.Debug|Any CPU.Build.0 = Debug|Any CPU
		{092D68E7-8D9F-4095-924C-8F36DB32738E}.Release|Any CPU.ActiveCfg = Release|Any CPU
		{092D68E7-8D9F-4095-924C-8F36DB32738E}.Release|Any CPU.Build.0 = Release|Any CPU
		{A36F84C6-82DA-4994-92A1-432EE3F1DF8A}.Debug|Any CPU.ActiveCfg = Debug|Any CPU
		{A36F84C6-82DA-4994-92A1-432EE3F1DF8A}.Debug|Any CPU.Build.0 = Debug|Any CPU
		{A36F84C6-82DA-4994-92A1-432EE3F1DF8A}.Release|Any CPU.ActiveCfg = Release|Any CPU
		{A36F84C6-82DA-4994-92A1-432EE3F1DF8A}.Release|Any CPU.Build.0 = Release|Any CPU
	EndGlobalSection
EndGlobal
